
Microsoft Visual Studio Solution File, Format Version 12.00
# Visual Studio Version 16
VisualStudioVersion = 16.0.30717.126
MinimumVisualStudioVersion = 10.0.40219.1
Project("{9A19103F-16F7-4668-BE54-9A1E7A4F7556}") = "Create-ASP-App.Web", "Create-ASP-App.Web\Create-ASP-App.Web.csproj", "{57EA1AEF-90E1-4C5F-B31D-128EF50FA320}"
EndProject
Project("{9A19103F-16F7-4668-BE54-9A1E7A4F7556}") = "Create-ASP-App.Utility", "Create-ASP-App.Utility\Create-ASP-App.Utility.csproj", "{E7B2CF82-CBDC-4836-A34B-9B2400461197}"
EndProject
Project("{FAE04EC0-301F-11D3-BF4B-00C04F79EFBC}") = "Create-Asp-App.Data", "Create-Asp-App.Data\Create-Asp-App.Data.csproj", "{3A88A5F2-F513-42FB-A4D2-105CAC90178D}"
EndProject
Global
	GlobalSection(SolutionConfigurationPlatforms) = preSolution
		Debug|Any CPU = Debug|Any CPU
		Release|Any CPU = Release|Any CPU
	EndGlobalSection
	GlobalSection(ProjectConfigurationPlatforms) = postSolution
		{57EA1AEF-90E1-4C5F-B31D-128EF50FA320}.Debug|Any CPU.ActiveCfg = Debug|Any CPU
		{57EA1AEF-90E1-4C5F-B31D-128EF50FA320}.Debug|Any CPU.Build.0 = Debug|Any CPU
		{57EA1AEF-90E1-4C5F-B31D-128EF50FA320}.Release|Any CPU.ActiveCfg = Release|Any CPU
		{57EA1AEF-90E1-4C5F-B31D-128EF50FA320}.Release|Any CPU.Build.0 = Release|Any CPU
		{E7B2CF82-CBDC-4836-A34B-9B2400461197}.Debug|Any CPU.ActiveCfg = Debug|Any CPU
		{E7B2CF82-CBDC-4836-A34B-9B2400461197}.Debug|Any CPU.Build.0 = Debug|Any CPU
		{E7B2CF82-CBDC-4836-A34B-9B2400461197}.Release|Any CPU.ActiveCfg = Release|Any CPU
		{E7B2CF82-CBDC-4836-A34B-9B2400461197}.Release|Any CPU.Build.0 = Release|Any CPU
		{3A88A5F2-F513-42FB-A4D2-105CAC90178D}.Debug|Any CPU.ActiveCfg = Debug|Any CPU
		{3A88A5F2-F513-42FB-A4D2-105CAC90178D}.Debug|Any CPU.Build.0 = Debug|Any CPU
		{3A88A5F2-F513-42FB-A4D2-105CAC90178D}.Release|Any CPU.ActiveCfg = Release|Any CPU
		{3A88A5F2-F513-42FB-A4D2-105CAC90178D}.Release|Any CPU.Build.0 = Release|Any CPU
	EndGlobalSection
	GlobalSection(SolutionProperties) = preSolution
		HideSolutionNode = FALSE
	EndGlobalSection
	GlobalSection(ExtensibilityGlobals) = postSolution
		SolutionGuid = {8A3265AA-64F8-401D-8C60-BC4224248B3F}
	EndGlobalSection
EndGlobal
